<?xml version="1.0" encoding="utf-8"?>
<Project ToolsVersion="4.0" xmlns="http://schemas.microsoft.com/developer/msbuild/2003">
  <ItemGroup>
    <Filter Include="Source Files">
      <UniqueIdentifier>{74ecef13-e357-4104-b4ce-727dcbf6fa89}</UniqueIdentifier>
      <Extensions>cpp;c;cxx;rc;def;r;odl;idl;hpj;bat</Extensions>
    </Filter>
    <Filter Include="Header Files">
      <UniqueIdentifier>{14ec7414-79ca-464c-86b9-729af65af718}</UniqueIdentifier>
      <Extensions>h;hpp;hxx;hm;inl</Extensions>
    </Filter>
    <Filter Include="Resource Files">
      <UniqueIdentifier>{b88c3748-5e2a-4f64-bcd6-d98b376b8163}</UniqueIdentifier>
      <Extensions>ico;cur;bmp;dlg;rc2;rct;bin;rgs;gif;jpg;jpeg;jpe</Extensions>
    </Filter>
  </ItemGroup>
  <ItemGroup>
    <ClCompile Include="src\ASyncMsgThread.cpp">
      <Filter>Source Files</Filter>
    </ClCompile>
    <ClCompile Include="src\BaseHandle.cpp">
      <Filter>Source Files</Filter>
    </ClCompile>
    <ClCompile Include="src\ClientDataDispatch.cpp">
      <Filter>Source Files</Filter>
    </ClCompile>
    <ClCompile Include="src\ClientThread.cpp">
      <Filter>Source Files</Filter>
    </ClCompile>
    <ClCompile Include="src\CRedis.cpp">
      <Filter>Source Files</Filter>
    </ClCompile>
    <ClCompile Include="src\DispatchThread.cpp">
      <Filter>Source Files</Filter>
    </ClCompile>
    <ClCompile Include="src\HeartThread.cpp">
      <Filter>Source Files</Filter>
    </ClCompile>
    <ClCompile Include="src\main.cpp">
      <Filter>Source Files</Filter>
    </ClCompile>
    <ClCompile Include="src\ResMsgThread.cpp">
      <Filter>Source Files</Filter>
    </ClCompile>
    <ClCompile Include="src\RmqClient.cpp">
      <Filter>Source Files</Filter>
    </ClCompile>
    <ClCompile Include="src\RmqSvr.cpp">
      <Filter>Source Files</Filter>
    </ClCompile>
    <ClCompile Include="src\serverconf.cpp">
      <Filter>Source Files</Filter>
    </ClCompile>
    <ClCompile Include="src\Thread.cpp">
      <Filter>Source Files</Filter>
    </ClCompile>
    <ClCompile Include="src\TradeClient.cpp">
      <Filter>Source Files</Filter>
    </ClCompile>
  </ItemGroup>
  <ItemGroup>
    <ClInclude Include="src\ASyncMsgThread.h">
      <Filter>Header Files</Filter>
    </ClInclude>
    <ClInclude Include="src\BaseHandle.h">
      <Filter>Header Files</Filter>
    </ClInclude>
    <ClInclude Include="src\ClientDataDispatch.h">
      <Filter>Header Files</Filter>
    </ClInclude>
    <ClInclude Include="src\ClientThread.h">
      <Filter>Header Files</Filter>
    </ClInclude>
    <ClInclude Include="src\constant.h">
      <Filter>Header Files</Filter>
    </ClInclude>
    <ClInclude Include="src\CRedis.h">
      <Filter>Header Files</Filter>
    </ClInclude>
    <ClInclude Include="src\DispatchThread.h">
      <Filter>Header Files</Filter>
    </ClInclude>
    <ClInclude Include="src\HeartThread.h">
      <Filter>Header Files</Filter>
    </ClInclude>
    <ClInclude Include="src\protocol.h">
      <Filter>Header Files</Filter>
    </ClInclude>
    <ClInclude Include="src\ResMsgThread.h">
      <Filter>Header Files</Filter>
    </ClInclude>
    <ClInclude Include="src\RmqClient.h">
      <Filter>Header Files</Filter>
    </ClInclude>
    <ClInclude Include="src\RmqSvr.h">
      <Filter>Header Files</Filter>
    </ClInclude>
    <ClInclude Include="src\serverconf.h">
      <Filter>Header Files</Filter>
    </ClInclude>
    <ClInclude Include="src\Thread.h">
      <Filter>Header Files</Filter>
    </ClInclude>
    <ClInclude Include="src\TradeClient.h">
      <Filter>Header Files</Filter>
    </ClInclude>
  </ItemGroup>
  <ItemGroup>
    <Text Include="ReadMe.txt" />
  </ItemGroup>
</Project>